// !$*UTF8*$!
{
	archiveVersion = 1;
	classes = {
	};
	objectVersion = 56;
	objects = {

/* Begin PBXBuildFile section */
		37F9E4A82BE7E39600E2B1E1 /* AppDelegate.swift in Sources */ = {isa = PBXBuildFile; fileRef = 37F9E4A72BE7E39600E2B1E1 /* AppDelegate.swift */; };
		37F9E4AA2BE7E39600E2B1E1 /* SceneDelegate.swift in Sources */ = {isa = PBXBuildFile; fileRef = 37F9E4A92BE7E39600E2B1E1 /* SceneDelegate.swift */; };
		37F9E4AC2BE7E39600E2B1E1 /* ViewController.swift in Sources */ = {isa = PBXBuildFile; fileRef = 37F9E4AB2BE7E39600E2B1E1 /* ViewController.swift */; };
		37F9E4AF2BE7E39600E2B1E1 /* Main.storyboard in Resources */ = {isa = PBXBuildFile; fileRef = 37F9E4AD2BE7E39600E2B1E1 /* Main.storyboard */; };
		37F9E4B12BE7E39800E2B1E1 /* Assets.xcassets in Resources */ = {isa = PBXBuildFile; fileRef = 37F9E4B02BE7E39800E2B1E1 /* Assets.xcassets */; };
		37F9E4B42BE7E39800E2B1E1 /* LaunchScreen.storyboard in Resources */ = {isa = PBXBuildFile; fileRef = 37F9E4B22BE7E39800E2B1E1 /* LaunchScreen.storyboard */; };
		37F9E4BF2BE7E39800E2B1E1 /* notes_appTests.swift in Sources */ = {isa = PBXBuildFile; fileRef = 37F9E4BE2BE7E39800E2B1E1 /* notes_appTests.swift */; };
		37F9E4C92BE7E39800E2B1E1 /* notes_appUITests.swift in Sources */ = {isa = PBXBuildFile; fileRef = 37F9E4C82BE7E39800E2B1E1 /* notes_appUITests.swift */; };
		37F9E4CB2BE7E39800E2B1E1 /* notes_appUITestsLaunchTests.swift in Sources */ = {isa = PBXBuildFile; fileRef = 37F9E4CA2BE7E39800E2B1E1 /* notes_appUITestsLaunchTests.swift */; };
		37F9E4D82BE7E51E00E2B1E1 /* WriteVC.swift in Sources */ = {isa = PBXBuildFile; fileRef = 37F9E4D72BE7E51E00E2B1E1 /* WriteVC.swift */; };
		37F9E4DA2BE7E54E00E2B1E1 /* ShowVC.swift in Sources */ = {isa = PBXBuildFile; fileRef = 37F9E4D92BE7E54E00E2B1E1 /* ShowVC.swift */; };
/* End PBXBuildFile section */

/* Begin PBXContainerItemProxy section */
		37F9E4BB2BE7E39800E2B1E1 /* PBXContainerItemProxy */ = {
			isa = PBXContainerItemProxy;
			containerPortal = 37F9E49C2BE7E39600E2B1E1 /* Project object */;
			proxyType = 1;
			remoteGlobalIDString = 37F9E4A32BE7E39600E2B1E1;
			remoteInfo = "notes app";
		};
		37F9E4C52BE7E39800E2B1E1 /* PBXContainerItemProxy */ = {
			isa = PBXContainerItemProxy;
			containerPortal = 37F9E49C2BE7E39600E2B1E1 /* Project object */;
			proxyType = 1;
			remoteGlobalIDString = 37F9E4A32BE7E39600E2B1E1;
			remoteInfo = "notes app";
		};
/* End PBXContainerItemProxy section */

/* Begin PBXFileReference section */
		37F9E4A42BE7E39600E2B1E1 /* notes app.app */ = {isa = PBXFileReference; explicitFileType = wrapper.application; includeInIndex = 0; path = "notes app.app"; sourceTree = BUILT_PRODUCTS_DIR; };
		37F9E4A72BE7E39600E2B1E1 /* AppDelegate.swift */ = {isa = PBXFileReference; lastKnownFileType = sourcecode.swift; path = AppDelegate.swift; sourceTree = "<group>"; };
		37F9E4A92BE7E39600E2B1E1 /* SceneDelegate.swift */ = {isa = PBXFileReference; lastKnownFileType = sourcecode.swift; path = SceneDelegate.swift; sourceTree = "<group>"; };
		37F9E4AB2BE7E39600E2B1E1 /* ViewController.swift */ = {isa = PBXFileReference; lastKnownFileType = sourcecode.swift; path = ViewController.swift; sourceTree = "<group>"; };
		37F9E4AE2BE7E39600E2B1E1 /* Base */ = {isa = PBXFileReference; lastKnownFileType = file.storyboard; name = Base; path = Base.lproj/Main.storyboard; sourceTree = "<group>"; };
		37F9E4B02BE7E39800E2B1E1 /* Assets.xcassets */ = {isa = PBXFileReference; lastKnownFileType = folder.assetcatalog; path = Assets.xcassets; sourceTree = "<group>"; };
		37F9E4B32BE7E39800E2B1E1 /* Base */ = {isa = PBXFileReference; lastKnownFileType = file.storyboard; name = Base; path = Base.lproj/LaunchScreen.storyboard; sourceTree = "<group>"; };
		37F9E4B52BE7E39800E2B1E1 /* Info.plist */ = {isa = PBXFileReference; lastKnownFileType = text.plist.xml; path = Info.plist; sourceTree = "<group>"; };
		37F9E4BA2BE7E39800E2B1E1 /* notes appTests.xctest */ = {isa = PBXFileReference; explicitFileType = wrapper.cfbundle; includeInIndex = 0; path = "notes appTests.xctest"; sourceTree = BUILT_PRODUCTS_DIR; };
		37F9E4BE2BE7E39800E2B1E1 /* notes_appTests.swift */ = {isa = PBXFileReference; lastKnownFileType = sourcecode.swift; path = notes_appTests.swift; sourceTree = "<group>"; };
		37F9E4C42BE7E39800E2B1E1 /* notes appUITests.xctest */ = {isa = PBXFileReference; explicitFileType = wrapper.cfbundle; includeInIndex = 0; path = "notes appUITests.xctest"; sourceTree = BUILT_PRODUCTS_DIR; };
		37F9E4C82BE7E39800E2B1E1 /* notes_appUITests.swift */ = {isa = PBXFileReference; lastKnownFileType = sourcecode.swift; path = notes_appUITests.swift; sourceTree = "<group>"; };
		37F9E4CA2BE7E39800E2B1E1 /* notes_appUITestsLaunchTests.swift */ = {isa = PBXFileReference; lastKnownFileType = sourcecode.swift; path = notes_appUITestsLaunchTests.swift; sourceTree = "<group>"; };
		37F9E4D72BE7E51E00E2B1E1 /* WriteVC.swift */ = {isa = PBXFileReference; lastKnownFileType = sourcecode.swift; path = WriteVC.swift; sourceTree = "<group>"; };
		37F9E4D92BE7E54E00E2B1E1 /* ShowVC.swift */ = {isa = PBXFileReference; lastKnownFileType = sourcecode.swift; path = ShowVC.swift; sourceTree = "<group>"; };
/* End PBXFileReference section */

/* Begin PBXFrameworksBuildPhase section */
		37F9E4A12BE7E39600E2B1E1 /* Frameworks */ = {
			isa = PBXFrameworksBuildPhase;
			buildActionMask = 2147483647;
			files = (
			);
			runOnlyForDeploymentPostprocessing = 0;
		};
		37F9E4B72BE7E39800E2B1E1 /* Frameworks */ = {
			isa = PBXFrameworksBuildPhase;
			buildActionMask = 2147483647;
			files = (
			);
			runOnlyForDeploymentPostprocessing = 0;
		};
		37F9E4C12BE7E39800E2B1E1 /* Frameworks */ = {
			isa = PBXFrameworksBuildPhase;
			buildActionMask = 2147483647;
			files = (
			);
			runOnlyForDeploymentPostprocessing = 0;
		};
/* End PBXFrameworksBuildPhase section */

/* Begin PBXGroup section */
		37F9E49B2BE7E39600E2B1E1 = {
			isa = PBXGroup;
			children = (
				37F9E4A62BE7E39600E2B1E1 /* notes app */,
				37F9E4BD2BE7E39800E2B1E1 /* notes appTests */,
				37F9E4C72BE7E39800E2B1E1 /* notes appUITests */,
				37F9E4A52BE7E39600E2B1E1 /* Products */,
			);
			sourceTree = "<group>";
		};
		37F9E4A52BE7E39600E2B1E1 /* Products */ = {
			isa = PBXGroup;
			children = (
				37F9E4A42BE7E39600E2B1E1 /* notes app.app */,
				37F9E4BA2BE7E39800E2B1E1 /* notes appTests.xctest */,
				37F9E4C42BE7E39800E2B1E1 /* notes appUITests.xctest */,
			);
			name = Products;
			sourceTree = "<group>";
		};
		37F9E4A62BE7E39600E2B1E1 /* notes app */ = {
			isa = PBXGroup;
			children = (
				37F9E4A72BE7E39600E2B1E1 /* AppDelegate.swift */,
				37F9E4A92BE7E39600E2B1E1 /* SceneDelegate.swift */,
				37F9E4AB2BE7E39600E2B1E1 /* ViewController.swift */,
				37F9E4AD2BE7E39600E2B1E1 /* Main.storyboard */,
				37F9E4B02BE7E39800E2B1E1 /* Assets.xcassets */,
				37F9E4B22BE7E39800E2B1E1 /* LaunchScreen.storyboard */,
				37F9E4B52BE7E39800E2B1E1 /* Info.plist */,
				37F9E4D72BE7E51E00E2B1E1 /* WriteVC.swift */,
				37F9E4D92BE7E54E00E2B1E1 /* ShowVC.swift */,
			);
			path = "notes app";
			sourceTree = "<group>";
		};
		37F9E4BD2BE7E39800E2B1E1 /* notes appTests */ = {
			isa = PBXGroup;
			children = (
				37F9E4BE2BE7E39800E2B1E1 /* notes_appTests.swift */,
			);
			path = "notes appTests";
			sourceTree = "<group>";
		};
		37F9E4C72BE7E39800E2B1E1 /* notes appUITests */ = {
			isa = PBXGroup;
			children = (
				37F9E4C82BE7E39800E2B1E1 /* notes_appUITests.swift */,
				37F9E4CA2BE7E39800E2B1E1 /* notes_appUITestsLaunchTests.swift */,
			);
			path = "notes appUITests";
			sourceTree = "<group>";
		};
/* End PBXGroup section */

/* Begin PBXNativeTarget section */
		37F9E4A32BE7E39600E2B1E1 /* notes app */ = {
			isa = PBXNativeTarget;
			buildConfigurationList = 37F9E4CE2BE7E39800E2B1E1 /* Build configuration list for PBXNativeTarget "notes app" */;
			buildPhases = (
				37F9E4A02BE7E39600E2B1E1 /* Sources */,
				37F9E4A12BE7E39600E2B1E1 /* Frameworks */,
				37F9E4A22BE7E39600E2B1E1 /* Resources */,
			);
			buildRules = (
			);
			dependencies = (
			);
			name = "notes app";
			productName = "notes app";
			productReference = 37F9E4A42BE7E39600E2B1E1 /* notes app.app */;
			productType = "com.apple.product-type.application";
		};
		37F9E4B92BE7E39800E2B1E1 /* notes appTests */ = {
			isa = PBXNativeTarget;
			buildConfigurationList = 37F9E4D12BE7E39800E2B1E1 /* Build configuration list for PBXNativeTarget "notes appTests" */;
			buildPhases = (
				37F9E4B62BE7E39800E2B1E1 /* Sources */,
				37F9E4B72BE7E39800E2B1E1 /* Frameworks */,
				37F9E4B82BE7E39800E2B1E1 /* Resources */,
			);
			buildRules = (
			);
			dependencies = (
				37F9E4BC2BE7E39800E2B1E1 /* PBXTargetDependency */,
			);
			name = "notes appTests";
			productName = "notes appTests";
			productReference = 37F9E4BA2BE7E39800E2B1E1 /* notes appTests.xctest */;
			productType = "com.apple.product-type.bundle.unit-test";
		};
		37F9E4C32BE7E39800E2B1E1 /* notes appUITests */ = {
			isa = PBXNativeTarget;
			buildConfigurationList = 37F9E4D42BE7E39800E2B1E1 /* Build configuration list for PBXNativeTarget "notes appUITests" */;
			buildPhases = (
				37F9E4C02BE7E39800E2B1E1 /* Sources */,
				37F9E4C12BE7E39800E2B1E1 /* Frameworks */,
				37F9E4C22BE7E39800E2B1E1 /* Resources */,
			);
			buildRules = (
			);
			dependencies = (
				37F9E4C62BE7E39800E2B1E1 /* PBXTargetDependency */,
			);
			name = "notes appUITests";
			productName = "notes appUITests";
			productReference = 37F9E4C42BE7E39800E2B1E1 /* notes appUITests.xctest */;
			productType = "com.apple.product-type.bundle.ui-testing";
		};
/* End PBXNativeTarget section */

/* Begin PBXProject section */
		37F9E49C2BE7E39600E2B1E1 /* Project object */ = {
			isa = PBXProject;
			attributes = {
				BuildIndependentTargetsInParallel = 1;
				LastSwiftUpdateCheck = 1520;
				LastUpgradeCheck = 1520;
				TargetAttributes = {
					37F9E4A32BE7E39600E2B1E1 = {
						CreatedOnToolsVersion = 15.2;
					};
					37F9E4B92BE7E39800E2B1E1 = {
						CreatedOnToolsVersion = 15.2;
						TestTargetID = 37F9E4A32BE7E39600E2B1E1;
					};
					37F9E4C32BE7E39800E2B1E1 = {
						CreatedOnToolsVersion = 15.2;
						TestTargetID = 37F9E4A32BE7E39600E2B1E1;
					};
				};
			};
			buildConfigurationList = 37F9E49F2BE7E39600E2B1E1 /* Build configuration list for PBXProject "notes app" */;
			compatibilityVersion = "Xcode 14.0";
			developmentRegion = en;
			hasScannedForEncodings = 0;
			knownRegions = (
				en,
				Base,
			);
			mainGroup = 37F9E49B2BE7E39600E2B1E1;
			productRefGroup = 37F9E4A52BE7E39600E2B1E1 /* Products */;
			projectDirPath = "";
			projectRoot = "";
			targets = (
				37F9E4A32BE7E39600E2B1E1 /* notes app */,
				37F9E4B92BE7E39800E2B1E1 /* notes appTests */,
				37F9E4C32BE7E39800E2B1E1 /* notes appUITests */,
			);
		};
/* End PBXProject section */

/* Begin PBXResourcesBuildPhase section */
		37F9E4A22BE7E39600E2B1E1 /* Resources */ = {
			isa = PBXResourcesBuildPhase;
			buildActionMask = 2147483647;
			files = (
				37F9E4B42BE7E39800E2B1E1 /* LaunchScreen.storyboard in Resources */,
				37F9E4B12BE7E39800E2B1E1 /* Assets.xcassets in Resources */,
				37F9E4AF2BE7E39600E2B1E1 /* Main.storyboard in Resources */,
			);
			runOnlyForDeploymentPostprocessing = 0;
		};
		37F9E4B82BE7E39800E2B1E1 /* Resources */ = {
			isa = PBXResourcesBuildPhase;
			buildActionMask = 2147483647;
			files = (
			);
			runOnlyForDeploymentPostprocessing = 0;
		};
		37F9E4C22BE7E39800E2B1E1 /* Resources */ = {
			isa = PBXResourcesBuildPhase;
			buildActionMask = 2147483647;
			files = (
			);
			runOnlyForDeploymentPostprocessing = 0;
		};
/* End PBXResourcesBuildPhase section */

/* Begin PBXSourcesBuildPhase section */
		37F9E4A02BE7E39600E2B1E1 /* Sources */ = {
			isa = PBXSourcesBuildPhase;
			buildActionMask = 2147483647;
			files = (
				37F9E4D82BE7E51E00E2B1E1 /* WriteVC.swift in Sources */,
				37F9E4AC2BE7E39600E2B1E1 /* ViewController.swift in Sources */,
				37F9E4A82BE7E39600E2B1E1 /* AppDelegate.swift in Sources */,
				37F9E4DA2BE7E54E00E2B1E1 /* ShowVC.swift in Sources */,
				37F9E4AA2BE7E39600E2B1E1 /* SceneDelegate.swift in Sources */,
			);
			runOnlyForDeploymentPostprocessing = 0;
		};
		37F9E4B62BE7E39800E2B1E1 /* Sources */ = {
			isa = PBXSourcesBuildPhase;
			buildActionMask = 2147483647;
			files = (
				37F9E4BF2BE7E39800E2B1E1 /* notes_appTests.swift in Sources */,
			);
			runOnlyForDeploymentPostprocessing = 0;
		};
		37F9E4C02BE7E39800E2B1E1 /* Sources */ = {
			isa = PBXSourcesBuildPhase;
			buildActionMask = 2147483647;
			files = (
				37F9E4CB2BE7E39800E2B1E1 /* notes_appUITestsLaunchTests.swift in Sources */,
				37F9E4C92BE7E39800E2B1E1 /* notes_appUITests.swift in Sources */,
			);
			runOnlyForDeploymentPostprocessing = 0;
		};
/* End PBXSourcesBuildPhase section */

/* Begin PBXTargetDependency section */
		37F9E4BC2BE7E39800E2B1E1 /* PBXTargetDependency */ = {
			isa = PBXTargetDependency;
			target = 37F9E4A32BE7E39600E2B1E1 /* notes app */;
			targetProxy = 37F9E4BB2BE7E39800E2B1E1 /* PBXContainerItemProxy */;
		};
		37F9E4C62BE7E39800E2B1E1 /* PBXTargetDependency */ = {
			isa = PBXTargetDependency;
			target = 37F9E4A32BE7E39600E2B1E1 /* notes app */;
			targetProxy = 37F9E4C52BE7E39800E2B1E1 /* PBXContainerItemProxy */;
		};
/* End PBXTargetDependency section */

/* Begin PBXVariantGroup section */
		37F9E4AD2BE7E39600E2B1E1 /* Main.storyboard */ = {
			isa = PBXVariantGroup;
			children = (
				37F9E4AE2BE7E39600E2B1E1 /* Base */,
			);
			name = Main.storyboard;
			sourceTree = "<group>";
		};
		37F9E4B22BE7E39800E2B1E1 /* LaunchScreen.storyboard */ = {
			isa = PBXVariantGroup;
			children = (
				37F9E4B32BE7E39800E2B1E1 /* Base */,
			);
			name = LaunchScreen.storyboard;
			sourceTree = "<group>";
		};
/* End PBXVariantGroup section */

/* Begin XCBuildConfiguration section */
		37F9E4CC2BE7E39800E2B1E1 /* Debug */ = {
			isa = XCBuildConfiguration;
			buildSettings = {
				ALWAYS_SEARCH_USER_PATHS = NO;
				ASSETCATALOG_COMPILER_GENERATE_SWIFT_ASSET_SYMBOL_EXTENSIONS = YES;
				CLANG_ANALYZER_NONNULL = YES;
				CLANG_ANALYZER_NUMBER_OBJECT_CONVERSION = YES_AGGRESSIVE;
				CLANG_CXX_LANGUAGE_STANDARD = "gnu++20";
				CLANG_ENABLE_MODULES = YES;
				CLANG_ENABLE_OBJC_ARC = YES;
				CLANG_ENABLE_OBJC_WEAK = YES;
				CLANG_WARN_BLOCK_CAPTURE_AUTORELEASING = YES;
				CLANG_WARN_BOOL_CONVERSION = YES;
				CLANG_WARN_COMMA = YES;
				CLANG_WARN_CONSTANT_CONVERSION = YES;
				CLANG_WARN_DEPRECATED_OBJC_IMPLEMENTATIONS = YES;
				CLANG_WARN_DIRECT_OBJC_ISA_USAGE = YES_ERROR;
				CLANG_WARN_DOCUMENTATION_COMMENTS = YES;
				CLANG_WARN_EMPTY_BODY = YES;
				CLANG_WARN_ENUM_CONVERSION = YES;
				CLANG_WARN_INFINITE_RECURSION = YES;
				CLANG_WARN_INT_CONVERSION = YES;
				CLANG_WARN_NON_LITERAL_NULL_CONVERSION = YES;
				CLANG_WARN_OBJC_IMPLICIT_RETAIN_SELF = YES;
				CLANG_WARN_OBJC_LITERAL_CONVERSION = YES;
				CLANG_WARN_OBJC_ROOT_CLASS = YES_ERROR;
				CLANG_WARN_QUOTED_INCLUDE_IN_FRAMEWORK_HEADER = YES;
				CLANG_WARN_RANGE_LOOP_ANALYSIS = YES;
				CLANG_WARN_STRICT_PROTOTYPES = YES;
				CLANG_WARN_SUSPICIOUS_MOVE = YES;
				CLANG_WARN_UNGUARDED_AVAILABILITY = YES_AGGRESSIVE;
				CLANG_WARN_UNREACHABLE_CODE = YES;
				CLANG_WARN__DUPLICATE_METHOD_MATCH = YES;
				COPY_PHASE_STRIP = NO;
				DEBUG_INFORMATION_FORMAT = dwarf;
				ENABLE_STRICT_OBJC_MSGSEND = YES;
				ENABLE_TESTABILITY = YES;
				ENABLE_USER_SCRIPT_SANDBOXING = YES;
				GCC_C_LANGUAGE_STANDARD = gnu17;
				GCC_DYNAMIC_NO_PIC = NO;
				GCC_NO_COMMON_BLOCKS = YES;
				GCC_OPTIMIZATION_LEVEL = 0;
				GCC_PREPROCESSOR_DEFINITIONS = (
					"DEBUG=1",
					"$(inherited)",
				);
				GCC_WARN_64_TO_32_BIT_CONVERSION = YES;
				GCC_WARN_ABOUT_RETURN_TYPE = YES_ERROR;
				GCC_WARN_UNDECLARED_SELECTOR = YES;
				GCC_WARN_UNINITIALIZED_AUTOS = YES_AGGRESSIVE;
				GCC_WARN_UNUSED_FUNCTION = YES;
				GCC_WARN_UNUSED_VARIABLE = YES;
				IPHONEOS_DEPLOYMENT_TARGET = 17.2;
				LOCALIZATION_PREFERS_STRING_CATALOGS = YES;
				MTL_ENABLE_DEBUG_INFO = INCLUDE_SOURCE;
				MTL_FAST_MATH = YES;
				ONLY_ACTIVE_ARCH = YES;
				SDKROOT = iphoneos;
				SWIFT_ACTIVE_COMPILATION_CONDITIONS = "DEBUG $(inherited)";
				SWIFT_OPTIMIZATION_LEVEL = "-Onone";
			};
			name = Debug;
		};
		37F9E4CD2BE7E39800E2B1E1 /* Release */ = {
			isa = XCBuildConfiguration;
			buildSettings = {
				ALWAYS_SEARCH_USER_PATHS = NO;
				ASSETCATALOG_COMPILER_GENERATE_SWIFT_ASSET_SYMBOL_EXTENSIONS = YES;
				CLANG_ANALYZER_NONNULL = YES;
				CLANG_ANALYZER_NUMBER_OBJECT_CONVERSION = YES_AGGRESSIVE;
				CLANG_CXX_LANGUAGE_STANDARD = "gnu++20";
				CLANG_ENABLE_MODULES = YES;
				CLANG_ENABLE_OBJC_ARC = YES;
				CLANG_ENABLE_OBJC_WEAK = YES;
				CLANG_WARN_BLOCK_CAPTURE_AUTORELEASING = YES;
				CLANG_WARN_BOOL_CONVERSION = YES;
				CLANG_WARN_COMMA = YES;
				CLANG_WARN_CONSTANT_CONVERSION = YES;
				CLANG_WARN_DEPRECATED_OBJC_IMPLEMENTATIONS = YES;
				CLANG_WARN_DIRECT_OBJC_ISA_USAGE = YES_ERROR;
				CLANG_WARN_DOCUMENTATION_COMMENTS = YES;
				CLANG_WARN_EMPTY_BODY = YES;
				CLANG_WARN_ENUM_CONVERSION = YES;
				CLANG_WARN_INFINITE_RECURSION = YES;
				CLANG_WARN_INT_CONVERSION = YES;
				CLANG_WARN_NON_LITERAL_NULL_CONVERSION = YES;
				CLANG_WARN_OBJC_IMPLICIT_RETAIN_SELF = YES;
				CLANG_WARN_OBJC_LITERAL_CONVERSION = YES;
				CLANG_WARN_OBJC_ROOT_CLASS = YES_ERROR;
				CLANG_WARN_QUOTED_INCLUDE_IN_FRAMEWORK_HEADER = YES;
				CLANG_WARN_RANGE_LOOP_ANALYSIS = YES;
				CLANG_WARN_STRICT_PROTOTYPES = YES;
				CLANG_WARN_SUSPICIOUS_MOVE = YES;
				CLANG_WARN_UNGUARDED_AVAILABILITY = YES_AGGRESSIVE;
				CLANG_WARN_UNREACHABLE_CODE = YES;
				CLANG_WARN__DUPLICATE_METHOD_MATCH = YES;
				COPY_PHASE_STRIP = NO;
				DEBUG_INFORMATION_FORMAT = "dwarf-with-dsym";
				ENABLE_NS_ASSERTIONS = NO;
				ENABLE_STRICT_OBJC_MSGSEND = YES;
				ENABLE_USER_SCRIPT_SANDBOXING = YES;
				GCC_C_LANGUAGE_STANDARD = gnu17;
				GCC_NO_COMMON_BLOCKS = YES;
				GCC_WARN_64_TO_32_BIT_CONVERSION = YES;
				GCC_WARN_ABOUT_RETURN_TYPE = YES_ERROR;
				GCC_WARN_UNDECLARED_SELECTOR = YES;
				GCC_WARN_UNINITIALIZED_AUTOS = YES_AGGRESSIVE;
				GCC_WARN_UNUSED_FUNCTION = YES;
				GCC_WARN_UNUSED_VARIABLE = YES;
				IPHONEOS_DEPLOYMENT_TARGET = 17.2;
				LOCALIZATION_PREFERS_STRING_CATALOGS = YES;
				MTL_ENABLE_DEBUG_INFO = NO;
				MTL_FAST_MATH = YES;
				SDKROOT = iphoneos;
				SWIFT_COMPILATION_MODE = wholemodule;
				VALIDATE_PRODUCT = YES;
			};
			name = Release;
		};
		37F9E4CF2BE7E39800E2B1E1 /* Debug */ = {
			isa = XCBuildConfiguration;
			buildSettings = {
				ASSETCATALOG_COMPILER_APPICON_NAME = AppIcon;
				ASSETCATALOG_COMPILER_GLOBAL_ACCENT_COLOR_NAME = AccentColor;
				CODE_SIGN_STYLE = Automatic;
				CURRENT_PROJECT_VERSION = 1;
				GENERATE_INFOPLIST_FILE = YES;
				INFOPLIST_FILE = "notes app/Info.plist";
				INFOPLIST_KEY_UIApplicationSupportsIndirectInputEvents = YES;
				INFOPLIST_KEY_UILaunchStoryboardName = LaunchScreen;
				INFOPLIST_KEY_UIMainStoryboardFile = Main;
				INFOPLIST_KEY_UISupportedInterfaceOrientations_iPad = "UIInterfaceOrientationPortrait UIInterfaceOrientationPortraitUpsideDown UIInterfaceOrientationLandscapeLeft UIInterfaceOrientationLandscapeRight";
				INFOPLIST_KEY_UISupportedInterfaceOrientations_iPhone = "UIInterfaceOrientationPortrait UIInterfaceOrientationLandscapeLeft UIInterfaceOrientationLandscapeRight";
				LD_RUNPATH_SEARCH_PATHS = (
					"$(inherited)",
					"@executable_path/Frameworks",
				);
				MARKETING_VERSION = 1.0;
				PRODUCT_BUNDLE_IDENTIFIER = "com.sumskarsystems.pod.notes-app";
				PRODUCT_NAME = "$(TARGET_NAME)";
				SWIFT_EMIT_LOC_STRINGS = YES;
				SWIFT_VERSION = 5.0;
				TARGETED_DEVICE_FAMILY = "1,2";
			};
			name = Debug;
		};
		37F9E4D02BE7E39800E2B1E1 /* Release */ = {
			isa = XCBuildConfiguration;
			buildSettings = {
				ASSETCATALOG_COMPILER_APPICON_NAME = AppIcon;
				ASSETCATALOG_COMPILER_GLOBAL_ACCENT_COLOR_NAME = AccentColor;
				CODE_SIGN_STYLE = Automatic;
				CURRENT_PROJECT_VERSION = 1;
				GENERATE_INFOPLIST_FILE = YES;
				INFOPLIST_FILE = "notes app/Info.plist";
				INFOPLIST_KEY_UIApplicationSupportsIndirectInputEvents = YES;
				INFOPLIST_KEY_UILaunchStoryboardName = LaunchScreen;
				INFOPLIST_KEY_UIMainStoryboardFile = Main;
				INFOPLIST_KEY_UISupportedInterfaceOrientations_iPad = "UIInterfaceOrientationPortrait UIInterfaceOrientationPortraitUpsideDown UIInterfaceOrientationLandscapeLeft UIInterfaceOrientationLandscapeRight";
				INFOPLIST_KEY_UISupportedInterfaceOrientations_iPhone = "UIInterfaceOrientationPortrait UIInterfaceOrientationLandscapeLeft UIInterfaceOrientationLandscapeRight";
				LD_RUNPATH_SEARCH_PATHS = (
					"$(inherited)",
					"@executable_path/Frameworks",
				);
				MARKETING_VERSION = 1.0;
				PRODUCT_BUNDLE_IDENTIFIER = "com.sumskarsystems.pod.notes-app";
				PRODUCT_NAME = "$(TARGET_NAME)";
				SWIFT_EMIT_LOC_STRINGS = YES;
				SWIFT_VERSION = 5.0;
				TARGETED_DEVICE_FAMILY = "1,2";
			};
			name = Release;
		};
		37F9E4D22BE7E39800E2B1E1 /* Debug */ = {
			isa = XCBuildConfiguration;
			buildSettings = {
				ALWAYS_EMBED_SWIFT_STANDARD_LIBRARIES = YES;
				BUNDLE_LOADER = "$(TEST_HOST)";
				CODE_SIGN_STYLE = Automatic;
				CURRENT_PROJECT_VERSION = 1;
				GENERATE_INFOPLIST_FILE = YES;
				IPHONEOS_DEPLOYMENT_TARGET = 17.2;
				MARKETING_VERSION = 1.0;
				PRODUCT_BUNDLE_IDENTIFIER = "com.sumskarsystems.pod.notes-appTests";
				PRODUCT_NAME = "$(TARGET_NAME)";
				SWIFT_EMIT_LOC_STRINGS = NO;
				SWIFT_VERSION = 5.0;
				TARGETED_DEVICE_FAMILY = "1,2";
				TEST_HOST = "$(BUILT_PRODUCTS_DIR)/notes app.app/$(BUNDLE_EXECUTABLE_FOLDER_PATH)/notes app";
			};
			name = Debug;
		};
		37F9E4D32BE7E39800E2B1E1 /* Release */ = {
			isa = XCBuildConfiguration;
			buildSettings = {
				ALWAYS_EMBED_SWIFT_STANDARD_LIBRARIES = YES;
				BUNDLE_LOADER = "$(TEST_HOST)";
				CODE_SIGN_STYLE = Automatic;
				CURRENT_PROJECT_VERSION = 1;
				GENERATE_INFOPLIST_FILE = YES;
				IPHONEOS_DEPLOYMENT_TARGET = 17.2;
				MARKETING_VERSION = 1.0;
				PRODUCT_BUNDLE_IDENTIFIER = "com.sumskarsystems.pod.notes-appTests";
				PRODUCT_NAME = "$(TARGET_NAME)";
				SWIFT_EMIT_LOC_STRINGS = NO;
				SWIFT_VERSION = 5.0;
				TARGETED_DEVICE_FAMILY = "1,2";
				TEST_HOST = "$(BUILT_PRODUCTS_DIR)/notes app.app/$(BUNDLE_EXECUTABLE_FOLDER_PATH)/notes app";
			};
			name = Release;
		};
		37F9E4D52BE7E39800E2B1E1 /* Debug */ = {
			isa = XCBuildConfiguration;
			buildSettings = {
				ALWAYS_EMBED_SWIFT_STANDARD_LIBRARIES = YES;
				CODE_SIGN_STYLE = Automatic;
				CURRENT_PROJECT_VERSION = 1;
				GENERATE_INFOPLIST_FILE = YES;
				MARKETING_VERSION = 1.0;
				PRODUCT_BUNDLE_IDENTIFIER = "com.sumskarsystems.pod.notes-appUITests";
				PRODUCT_NAME = "$(TARGET_NAME)";
				SWIFT_EMIT_LOC_STRINGS = NO;
				SWIFT_VERSION = 5.0;
				TARGETED_DEVICE_FAMILY = "1,2";
				TEST_TARGET_NAME = "notes app";
			};
			name = Debug;
		};
		37F9E4D62BE7E39800E2B1E1 /* Release */ = {
			isa = XCBuildConfiguration;
			buildSettings = {
				ALWAYS_EMBED_SWIFT_STANDARD_LIBRARIES = YES;
				CODE_SIGN_STYLE = Automatic;
				CURRENT_PROJECT_VERSION = 1;
				GENERATE_INFOPLIST_FILE = YES;
				MARKETING_VERSION = 1.0;
				PRODUCT_BUNDLE_IDENTIFIER = "com.sumskarsystems.pod.notes-appUITests";
				PRODUCT_NAME = "$(TARGET_NAME)";
				SWIFT_EMIT_LOC_STRINGS = NO;
				SWIFT_VERSION = 5.0;
				TARGETED_DEVICE_FAMILY = "1,2";
				TEST_TARGET_NAME = "notes app";
			};
			name = Release;
		};
/* End XCBuildConfiguration section */

/* Begin XCConfigurationList section */
		37F9E49F2BE7E39600E2B1E1 /* Build configuration list for PBXProject "notes app" */ = {
			isa = XCConfigurationList;
			buildConfigurations = (
				37F9E4CC2BE7E39800E2B1E1 /* Debug */,
				37F9E4CD2BE7E39800E2B1E1 /* Release */,
			);
			defaultConfigurationIsVisible = 0;
			defaultConfigurationName = Release;
		};
		37F9E4CE2BE7E39800E2B1E1 /* Build configuration list for PBXNativeTarget "notes app" */ = {
			isa = XCConfigurationList;
			buildConfigurations = (
				37F9E4CF2BE7E39800E2B1E1 /* Debug */,
				37F9E4D02BE7E39800E2B1E1 /* Release */,
			);
			defaultConfigurationIsVisible = 0;
			defaultConfigurationName = Release;
		};
		37F9E4D12BE7E39800E2B1E1 /* Build configuration list for PBXNativeTarget "notes appTests" */ = {
			isa = XCConfigurationList;
			buildConfigurations = (
				37F9E4D22BE7E39800E2B1E1 /* Debug */,
				37F9E4D32BE7E39800E2B1E1 /* Release */,
			);
			defaultConfigurationIsVisible = 0;
			defaultConfigurationName = Release;
		};
		37F9E4D42BE7E39800E2B1E1 /* Build configuration list for PBXNativeTarget "notes appUITests" */ = {
			isa = XCConfigurationList;
			buildConfigurations = (
				37F9E4D52BE7E39800E2B1E1 /* Debug */,
				37F9E4D62BE7E39800E2B1E1 /* Release */,
			);
			defaultConfigurationIsVisible = 0;
			defaultConfigurationName = Release;
		};
/* End XCConfigurationList section */
	};
	rootObject = 37F9E49C2BE7E39600E2B1E1 /* Project object */;
}
